
Microsoft Visual Studio Solution File, Format Version 12.00
# Visual Studio Version 17
VisualStudioVersion = 17.13.35931.197 d17.13
MinimumVisualStudioVersion = 10.0.40219.1
Project("{8BC9CEB8-8B4A-11D0-8D11-00A0C91BC942}") = "IntegerClass", "IntegerClass.vcxproj", "{3B4002BA-9F96-452D-876E-4D4FA2A791A7}"
EndProject
Global
	GlobalSection(SolutionConfigurationPlatforms) = preSolution
		Debug|x64 = Debug|x64
		Debug|x86 = Debug|x86
		Release|x64 = Release|x64
		Release|x86 = Release|x86
	EndGlobalSection
	GlobalSection(ProjectConfigurationPlatforms) = postSolution
		{3B4002BA-9F96-452D-876E-4D4FA2A791A7}.Debug|x64.ActiveCfg = Debug|x64
		{3B4002BA-9F96-452D-876E-4D4FA2A791A7}.Debug|x64.Build.0 = Debug|x64
		{3B4002BA-9F96-452D-876E-4D4FA2A791A7}.Debug|x86.ActiveCfg = Debug|Win32
		{3B4002BA-9F96-452D-876E-4D4FA2A791A7}.Debug|x86.Build.0 = Debug|Win32
		{3B4002BA-9F96-452D-876E-4D4FA2A791A7}.Release|x64.ActiveCfg = Release|x64
		{3B4002BA-9F96-452D-876E-4D4FA2A791A7}.Release|x64.Build.0 = Release|x64
		{3B4002BA-9F96-452D-876E-4D4FA2A791A7}.Release|x86.ActiveCfg = Release|Win32
		{3B4002BA-9F96-452D-876E-4D4FA2A791A7}.Release|x86.Build.0 = Release|Win32
	EndGlobalSection
	GlobalSection(SolutionProperties) = preSolution
		HideSolutionNode = FALSE
	EndGlobalSection
	GlobalSection(ExtensibilityGlobals) = postSolution
		SolutionGuid = {B585C25E-716B-4EE2-8023-839C5CF86144}
	EndGlobalSection
EndGlobal
